
Microsoft Visual Studio Solution File, Format Version 12.00
# Visual Studio Express 2013 for Windows Desktop
VisualStudioVersion = 12.0.31101.0
MinimumVisualStudioVersion = 10.0.40219.1
Project("{FAE04EC0-301F-11D3-BF4B-00C04F79EFBC}") = "siscfleming", "siscfleming\siscfleming.csproj", "{95A88C16-B51F-4141-B606-A87333D6C88C}"
EndProject
Project("{FAE04EC0-301F-11D3-BF4B-00C04F79EFBC}") = "CapaDatos", "CapaDatos\CapaDatos.csproj", "{69DB7006-7FF6-4BF9-BC4D-19B24D48A0D3}"
EndProject
Project("{FAE04EC0-301F-11D3-BF4B-00C04F79EFBC}") = "CapaNegocio", "CapaNegocio\CapaNegocio.csproj", "{4610938A-AADB-404D-A5BF-39AA8A7CA7DA}"
EndProject
Project("{FAE04EC0-301F-11D3-BF4B-00C04F79EFBC}") = "CapaPresentacion", "CapaPresentacion\CapaPresentacion.csproj", "{45351F99-256B-45A4-90E6-6686A12DFA79}"
EndProject
Global
	GlobalSection(SolutionConfigurationPlatforms) = preSolution
		Debug|Any CPU = Debug|Any CPU
		Release|Any CPU = Release|Any CPU
	EndGlobalSection
	GlobalSection(ProjectConfigurationPlatforms) = postSolution
		{95A88C16-B51F-4141-B606-A87333D6C88C}.Debug|Any CPU.ActiveCfg = Debug|Any CPU
		{95A88C16-B51F-4141-B606-A87333D6C88C}.Debug|Any CPU.Build.0 = Debug|Any CPU
		{95A88C16-B51F-4141-B606-A87333D6C88C}.Release|Any CPU.ActiveCfg = Release|Any CPU
		{95A88C16-B51F-4141-B606-A87333D6C88C}.Release|Any CPU.Build.0 = Release|Any CPU
		{69DB7006-7FF6-4BF9-BC4D-19B24D48A0D3}.Debug|Any CPU.ActiveCfg = Debug|Any CPU
		{69DB7006-7FF6-4BF9-BC4D-19B24D48A0D3}.Debug|Any CPU.Build.0 = Debug|Any CPU
		{69DB7006-7FF6-4BF9-BC4D-19B24D48A0D3}.Release|Any CPU.ActiveCfg = Release|Any CPU
		{69DB7006-7FF6-4BF9-BC4D-19B24D48A0D3}.Release|Any CPU.Build.0 = Release|Any CPU
		{4610938A-AADB-404D-A5BF-39AA8A7CA7DA}.Debug|Any CPU.ActiveCfg = Debug|Any CPU
		{4610938A-AADB-404D-A5BF-39AA8A7CA7DA}.Debug|Any CPU.Build.0 = Debug|Any CPU
		{4610938A-AADB-404D-A5BF-39AA8A7CA7DA}.Release|Any CPU.ActiveCfg = Release|Any CPU
		{4610938A-AADB-404D-A5BF-39AA8A7CA7DA}.Release|Any CPU.Build.0 = Release|Any CPU
		{45351F99-256B-45A4-90E6-6686A12DFA79}.Debug|Any CPU.ActiveCfg = Debug|Any CPU
		{45351F99-256B-45A4-90E6-6686A12DFA79}.Debug|Any CPU.Build.0 = Debug|Any CPU
		{45351F99-256B-45A4-90E6-6686A12DFA79}.Release|Any CPU.ActiveCfg = Release|Any CPU
		{45351F99-256B-45A4-90E6-6686A12DFA79}.Release|Any CPU.Build.0 = Release|Any CPU
	EndGlobalSection
	GlobalSection(SolutionProperties) = preSolution
		HideSolutionNode = FALSE
	EndGlobalSection
EndGlobal
